
Microsoft Visual Studio Solution File, Format Version 12.00
# Visual Studio 15
VisualStudioVersion = 15.0.28307.271
MinimumVisualStudioVersion = 10.0.40219.1
Project("{FAE04EC0-301F-11D3-BF4B-00C04F79EFBC}") = "HierarchineStruktura", "HierarchineStruktura\HierarchineStruktura.csproj", "{8AFBFED9-C7EA-4126-935A-A12BC757CF33}"
EndProject
Global
	GlobalSection(SolutionConfigurationPlatforms) = preSolution
		Debug|Any CPU = Debug|Any CPU
		Release|Any CPU = Release|Any CPU
	EndGlobalSection
	GlobalSection(ProjectConfigurationPlatforms) = postSolution
		{8AFBFED9-C7EA-4126-935A-A12BC757CF33}.Debug|Any CPU.ActiveCfg = Debug|Any CPU
		{8AFBFED9-C7EA-4126-935A-A12BC757CF33}.Debug|Any CPU.Build.0 = Debug|Any CPU
		{8AFBFED9-C7EA-4126-935A-A12BC757CF33}.Release|Any CPU.ActiveCfg = Release|Any CPU
		{8AFBFED9-C7EA-4126-935A-A12BC757CF33}.Release|Any CPU.Build.0 = Release|Any CPU
	EndGlobalSection
	GlobalSection(SolutionProperties) = preSolution
		HideSolutionNode = FALSE
	EndGlobalSection
	GlobalSection(ExtensibilityGlobals) = postSolution
		SolutionGuid = {8CB192F6-4663-4F1E-8B24-D1D1EFDE0D69}
	EndGlobalSection
EndGlobal
